// !$*UTF8*$!
{
	archiveVersion = 1;
	classes = {
	};
	objectVersion = 56;
	objects = {

/* Begin PBXBuildFile section */
		4E1BAFE2292D029700B1ACB5 /* Queue.swift in Sources */ = {isa = PBXBuildFile; fileRef = 4E1BAFE1292D029700B1ACB5 /* Queue.swift */; };
		4E1BAFE4292D02B000B1ACB5 /* Utils.swift in Sources */ = {isa = PBXBuildFile; fileRef = 4E1BAFE3292D02B000B1ACB5 /* Utils.swift */; };
		4E1BAFE6292D02D100B1ACB5 /* ProcessModel.swift in Sources */ = {isa = PBXBuildFile; fileRef = 4E1BAFE5292D02D100B1ACB5 /* ProcessModel.swift */; };
		4E1BAFE8292D02EA00B1ACB5 /* Notify.swift in Sources */ = {isa = PBXBuildFile; fileRef = 4E1BAFE7292D02EA00B1ACB5 /* Notify.swift */; };
		4E1BAFEA292D031500B1ACB5 /* MemoriaRAMModel.swift in Sources */ = {isa = PBXBuildFile; fileRef = 4E1BAFE9292D031500B1ACB5 /* MemoriaRAMModel.swift */; };
		4E1BAFEC292D033200B1ACB5 /* MemoriaRAM.swift in Sources */ = {isa = PBXBuildFile; fileRef = 4E1BAFEB292D033200B1ACB5 /* MemoriaRAM.swift */; };
		4E1BAFEE292D035200B1ACB5 /* Controladora.swift in Sources */ = {isa = PBXBuildFile; fileRef = 4E1BAFED292D035200B1ACB5 /* Controladora.swift */; };
		4E3A02A4292555790075D0E1 /* ProjetoIIApp.swift in Sources */ = {isa = PBXBuildFile; fileRef = 4E3A02A3292555790075D0E1 /* ProjetoIIApp.swift */; };
		4E3A02A6292555790075D0E1 /* ContentView.swift in Sources */ = {isa = PBXBuildFile; fileRef = 4E3A02A5292555790075D0E1 /* ContentView.swift */; };
		4E3A02A82925557A0075D0E1 /* Assets.xcassets in Resources */ = {isa = PBXBuildFile; fileRef = 4E3A02A72925557A0075D0E1 /* Assets.xcassets */; };
		4E3A02AB2925557A0075D0E1 /* Preview Assets.xcassets in Resources */ = {isa = PBXBuildFile; fileRef = 4E3A02AA2925557A0075D0E1 /* Preview Assets.xcassets */; };
		4E3A02B52925557A0075D0E1 /* ProjetoIITests.swift in Sources */ = {isa = PBXBuildFile; fileRef = 4E3A02B42925557A0075D0E1 /* ProjetoIITests.swift */; };
		4E3A02BF2925557A0075D0E1 /* ProjetoIIUITests.swift in Sources */ = {isa = PBXBuildFile; fileRef = 4E3A02BE2925557A0075D0E1 /* ProjetoIIUITests.swift */; };
		4E3A02C12925557A0075D0E1 /* ProjetoIIUITestsLaunchTests.swift in Sources */ = {isa = PBXBuildFile; fileRef = 4E3A02C02925557A0075D0E1 /* ProjetoIIUITestsLaunchTests.swift */; };
		4E8097A6293256E400B6F5CB /* Card.swift in Sources */ = {isa = PBXBuildFile; fileRef = 4E8097A5293256E400B6F5CB /* Card.swift */; };
/* End PBXBuildFile section */

/* Begin PBXContainerItemProxy section */
		4E3A02B12925557A0075D0E1 /* PBXContainerItemProxy */ = {
			isa = PBXContainerItemProxy;
			containerPortal = 4E3A0298292555790075D0E1 /* Project object */;
			proxyType = 1;
			remoteGlobalIDString = 4E3A029F292555790075D0E1;
			remoteInfo = ProjetoII;
		};
		4E3A02BB2925557A0075D0E1 /* PBXContainerItemProxy */ = {
			isa = PBXContainerItemProxy;
			containerPortal = 4E3A0298292555790075D0E1 /* Project object */;
			proxyType = 1;
			remoteGlobalIDString = 4E3A029F292555790075D0E1;
			remoteInfo = ProjetoII;
		};
/* End PBXContainerItemProxy section */

/* Begin PBXFileReference section */
		4E1BAFE1292D029700B1ACB5 /* Queue.swift */ = {isa = PBXFileReference; lastKnownFileType = sourcecode.swift; path = Queue.swift; sourceTree = "<group>"; };
		4E1BAFE3292D02B000B1ACB5 /* Utils.swift */ = {isa = PBXFileReference; lastKnownFileType = sourcecode.swift; path = Utils.swift; sourceTree = "<group>"; };
		4E1BAFE5292D02D100B1ACB5 /* ProcessModel.swift */ = {isa = PBXFileReference; lastKnownFileType = sourcecode.swift; path = ProcessModel.swift; sourceTree = "<group>"; };
		4E1BAFE7292D02EA00B1ACB5 /* Notify.swift */ = {isa = PBXFileReference; lastKnownFileType = sourcecode.swift; path = Notify.swift; sourceTree = "<group>"; };
		4E1BAFE9292D031500B1ACB5 /* MemoriaRAMModel.swift */ = {isa = PBXFileReference; lastKnownFileType = sourcecode.swift; path = MemoriaRAMModel.swift; sourceTree = "<group>"; };
		4E1BAFEB292D033200B1ACB5 /* MemoriaRAM.swift */ = {isa = PBXFileReference; lastKnownFileType = sourcecode.swift; path = MemoriaRAM.swift; sourceTree = "<group>"; };
		4E1BAFED292D035200B1ACB5 /* Controladora.swift */ = {isa = PBXFileReference; lastKnownFileType = sourcecode.swift; path = Controladora.swift; sourceTree = "<group>"; };
		4E3A02A0292555790075D0E1 /* ProjetoII.app */ = {isa = PBXFileReference; explicitFileType = wrapper.application; includeInIndex = 0; path = ProjetoII.app; sourceTree = BUILT_PRODUCTS_DIR; };
		4E3A02A3292555790075D0E1 /* ProjetoIIApp.swift */ = {isa = PBXFileReference; lastKnownFileType = sourcecode.swift; path = ProjetoIIApp.swift; sourceTree = "<group>"; };
		4E3A02A5292555790075D0E1 /* ContentView.swift */ = {isa = PBXFileReference; lastKnownFileType = sourcecode.swift; path = ContentView.swift; sourceTree = "<group>"; };
		4E3A02A72925557A0075D0E1 /* Assets.xcassets */ = {isa = PBXFileReference; lastKnownFileType = folder.assetcatalog; path = Assets.xcassets; sourceTree = "<group>"; };
		4E3A02AA2925557A0075D0E1 /* Preview Assets.xcassets */ = {isa = PBXFileReference; lastKnownFileType = folder.assetcatalog; path = "Preview Assets.xcassets"; sourceTree = "<group>"; };
		4E3A02B02925557A0075D0E1 /* ProjetoIITests.xctest */ = {isa = PBXFileReference; explicitFileType = wrapper.cfbundle; includeInIndex = 0; path = ProjetoIITests.xctest; sourceTree = BUILT_PRODUCTS_DIR; };
		4E3A02B42925557A0075D0E1 /* ProjetoIITests.swift */ = {isa = PBXFileReference; lastKnownFileType = sourcecode.swift; path = ProjetoIITests.swift; sourceTree = "<group>"; };
		4E3A02BA2925557A0075D0E1 /* ProjetoIIUITests.xctest */ = {isa = PBXFileReference; explicitFileType = wrapper.cfbundle; includeInIndex = 0; path = ProjetoIIUITests.xctest; sourceTree = BUILT_PRODUCTS_DIR; };
		4E3A02BE2925557A0075D0E1 /* ProjetoIIUITests.swift */ = {isa = PBXFileReference; lastKnownFileType = sourcecode.swift; path = ProjetoIIUITests.swift; sourceTree = "<group>"; };
		4E3A02C02925557A0075D0E1 /* ProjetoIIUITestsLaunchTests.swift */ = {isa = PBXFileReference; lastKnownFileType = sourcecode.swift; path = ProjetoIIUITestsLaunchTests.swift; sourceTree = "<group>"; };
		4E8097A5293256E400B6F5CB /* Card.swift */ = {isa = PBXFileReference; lastKnownFileType = sourcecode.swift; path = Card.swift; sourceTree = "<group>"; };
/* End PBXFileReference section */

/* Begin PBXFrameworksBuildPhase section */
		4E3A029D292555790075D0E1 /* Frameworks */ = {
			isa = PBXFrameworksBuildPhase;
			buildActionMask = 2147483647;
			files = (
			);
			runOnlyForDeploymentPostprocessing = 0;
		};
		4E3A02AD2925557A0075D0E1 /* Frameworks */ = {
			isa = PBXFrameworksBuildPhase;
			buildActionMask = 2147483647;
			files = (
			);
			runOnlyForDeploymentPostprocessing = 0;
		};
		4E3A02B72925557A0075D0E1 /* Frameworks */ = {
			isa = PBXFrameworksBuildPhase;
			buildActionMask = 2147483647;
			files = (
			);
			runOnlyForDeploymentPostprocessing = 0;
		};
/* End PBXFrameworksBuildPhase section */

/* Begin PBXGroup section */
		4E3A0297292555790075D0E1 = {
			isa = PBXGroup;
			children = (
				4E3A02A2292555790075D0E1 /* ProjetoII */,
				4E3A02B32925557A0075D0E1 /* ProjetoIITests */,
				4E3A02BD2925557A0075D0E1 /* ProjetoIIUITests */,
				4E3A02A1292555790075D0E1 /* Products */,
			);
			sourceTree = "<group>";
		};
		4E3A02A1292555790075D0E1 /* Products */ = {
			isa = PBXGroup;
			children = (
				4E3A02A0292555790075D0E1 /* ProjetoII.app */,
				4E3A02B02925557A0075D0E1 /* ProjetoIITests.xctest */,
				4E3A02BA2925557A0075D0E1 /* ProjetoIIUITests.xctest */,
			);
			name = Products;
			sourceTree = "<group>";
		};
		4E3A02A2292555790075D0E1 /* ProjetoII */ = {
			isa = PBXGroup;
			children = (
				4E3A02A3292555790075D0E1 /* ProjetoIIApp.swift */,
				4E8097A5293256E400B6F5CB /* Card.swift */,
				4E3A02A5292555790075D0E1 /* ContentView.swift */,
				4E1BAFE1292D029700B1ACB5 /* Queue.swift */,
				4E1BAFE3292D02B000B1ACB5 /* Utils.swift */,
				4E1BAFE5292D02D100B1ACB5 /* ProcessModel.swift */,
				4E1BAFE7292D02EA00B1ACB5 /* Notify.swift */,
				4E1BAFED292D035200B1ACB5 /* Controladora.swift */,
				4E1BAFE9292D031500B1ACB5 /* MemoriaRAMModel.swift */,
				4E1BAFEB292D033200B1ACB5 /* MemoriaRAM.swift */,
				4E3A02A72925557A0075D0E1 /* Assets.xcassets */,
				4E3A02A92925557A0075D0E1 /* Preview Content */,
			);
			path = ProjetoII;
			sourceTree = "<group>";
		};
		4E3A02A92925557A0075D0E1 /* Preview Content */ = {
			isa = PBXGroup;
			children = (
				4E3A02AA2925557A0075D0E1 /* Preview Assets.xcassets */,
			);
			path = "Preview Content";
			sourceTree = "<group>";
		};
		4E3A02B32925557A0075D0E1 /* ProjetoIITests */ = {
			isa = PBXGroup;
			children = (
				4E3A02B42925557A0075D0E1 /* ProjetoIITests.swift */,
			);
			path = ProjetoIITests;
			sourceTree = "<group>";
		};
		4E3A02BD2925557A0075D0E1 /* ProjetoIIUITests */ = {
			isa = PBXGroup;
			children = (
				4E3A02BE2925557A0075D0E1 /* ProjetoIIUITests.swift */,
				4E3A02C02925557A0075D0E1 /* ProjetoIIUITestsLaunchTests.swift */,
			);
			path = ProjetoIIUITests;
			sourceTree = "<group>";
		};
/* End PBXGroup section */

/* Begin PBXNativeTarget section */
		4E3A029F292555790075D0E1 /* ProjetoII */ = {
			isa = PBXNativeTarget;
			buildConfigurationList = 4E3A02C42925557A0075D0E1 /* Build configuration list for PBXNativeTarget "ProjetoII" */;
			buildPhases = (
				4E3A029C292555790075D0E1 /* Sources */,
				4E3A029D292555790075D0E1 /* Frameworks */,
				4E3A029E292555790075D0E1 /* Resources */,
			);
			buildRules = (
			);
			dependencies = (
			);
			name = ProjetoII;
			productName = ProjetoII;
			productReference = 4E3A02A0292555790075D0E1 /* ProjetoII.app */;
			productType = "com.apple.product-type.application";
		};
		4E3A02AF2925557A0075D0E1 /* ProjetoIITests */ = {
			isa = PBXNativeTarget;
			buildConfigurationList = 4E3A02C72925557A0075D0E1 /* Build configuration list for PBXNativeTarget "ProjetoIITests" */;
			buildPhases = (
				4E3A02AC2925557A0075D0E1 /* Sources */,
				4E3A02AD2925557A0075D0E1 /* Frameworks */,
				4E3A02AE2925557A0075D0E1 /* Resources */,
			);
			buildRules = (
			);
			dependencies = (
				4E3A02B22925557A0075D0E1 /* PBXTargetDependency */,
			);
			name = ProjetoIITests;
			productName = ProjetoIITests;
			productReference = 4E3A02B02925557A0075D0E1 /* ProjetoIITests.xctest */;
			productType = "com.apple.product-type.bundle.unit-test";
		};
		4E3A02B92925557A0075D0E1 /* ProjetoIIUITests */ = {
			isa = PBXNativeTarget;
			buildConfigurationList = 4E3A02CA2925557A0075D0E1 /* Build configuration list for PBXNativeTarget "ProjetoIIUITests" */;
			buildPhases = (
				4E3A02B62925557A0075D0E1 /* Sources */,
				4E3A02B72925557A0075D0E1 /* Frameworks */,
				4E3A02B82925557A0075D0E1 /* Resources */,
			);
			buildRules = (
			);
			dependencies = (
				4E3A02BC2925557A0075D0E1 /* PBXTargetDependency */,
			);
			name = ProjetoIIUITests;
			productName = ProjetoIIUITests;
			productReference = 4E3A02BA2925557A0075D0E1 /* ProjetoIIUITests.xctest */;
			productType = "com.apple.product-type.bundle.ui-testing";
		};
/* End PBXNativeTarget section */

/* Begin PBXProject section */
		4E3A0298292555790075D0E1 /* Project object */ = {
			isa = PBXProject;
			attributes = {
				BuildIndependentTargetsInParallel = 1;
				LastSwiftUpdateCheck = 1400;
				LastUpgradeCheck = 1400;
				TargetAttributes = {
					4E3A029F292555790075D0E1 = {
						CreatedOnToolsVersion = 14.0.1;
					};
					4E3A02AF2925557A0075D0E1 = {
						CreatedOnToolsVersion = 14.0.1;
						TestTargetID = 4E3A029F292555790075D0E1;
					};
					4E3A02B92925557A0075D0E1 = {
						CreatedOnToolsVersion = 14.0.1;
						TestTargetID = 4E3A029F292555790075D0E1;
					};
				};
			};
			buildConfigurationList = 4E3A029B292555790075D0E1 /* Build configuration list for PBXProject "ProjetoII" */;
			compatibilityVersion = "Xcode 14.0";
			developmentRegion = en;
			hasScannedForEncodings = 0;
			knownRegions = (
				en,
				Base,
			);
			mainGroup = 4E3A0297292555790075D0E1;
			productRefGroup = 4E3A02A1292555790075D0E1 /* Products */;
			projectDirPath = "";
			projectRoot = "";
			targets = (
				4E3A029F292555790075D0E1 /* ProjetoII */,
				4E3A02AF2925557A0075D0E1 /* ProjetoIITests */,
				4E3A02B92925557A0075D0E1 /* ProjetoIIUITests */,
			);
		};
/* End PBXProject section */

/* Begin PBXResourcesBuildPhase section */
		4E3A029E292555790075D0E1 /* Resources */ = {
			isa = PBXResourcesBuildPhase;
			buildActionMask = 2147483647;
			files = (
				4E3A02AB2925557A0075D0E1 /* Preview Assets.xcassets in Resources */,
				4E3A02A82925557A0075D0E1 /* Assets.xcassets in Resources */,
			);
			runOnlyForDeploymentPostprocessing = 0;
		};
		4E3A02AE2925557A0075D0E1 /* Resources */ = {
			isa = PBXResourcesBuildPhase;
			buildActionMask = 2147483647;
			files = (
			);
			runOnlyForDeploymentPostprocessing = 0;
		};
		4E3A02B82925557A0075D0E1 /* Resources */ = {
			isa = PBXResourcesBuildPhase;
			buildActionMask = 2147483647;
			files = (
			);
			runOnlyForDeploymentPostprocessing = 0;
		};
/* End PBXResourcesBuildPhase section */

/* Begin PBXSourcesBuildPhase section */
		4E3A029C292555790075D0E1 /* Sources */ = {
			isa = PBXSourcesBuildPhase;
			buildActionMask = 2147483647;
			files = (
				4E1BAFEA292D031500B1ACB5 /* MemoriaRAMModel.swift in Sources */,
				4E3A02A6292555790075D0E1 /* ContentView.swift in Sources */,
				4E1BAFE6292D02D100B1ACB5 /* ProcessModel.swift in Sources */,
				4E1BAFE8292D02EA00B1ACB5 /* Notify.swift in Sources */,
				4E1BAFE2292D029700B1ACB5 /* Queue.swift in Sources */,
				4E1BAFEE292D035200B1ACB5 /* Controladora.swift in Sources */,
				4E1BAFEC292D033200B1ACB5 /* MemoriaRAM.swift in Sources */,
				4E8097A6293256E400B6F5CB /* Card.swift in Sources */,
				4E3A02A4292555790075D0E1 /* ProjetoIIApp.swift in Sources */,
				4E1BAFE4292D02B000B1ACB5 /* Utils.swift in Sources */,
			);
			runOnlyForDeploymentPostprocessing = 0;
		};
		4E3A02AC2925557A0075D0E1 /* Sources */ = {
			isa = PBXSourcesBuildPhase;
			buildActionMask = 2147483647;
			files = (
				4E3A02B52925557A0075D0E1 /* ProjetoIITests.swift in Sources */,
			);
			runOnlyForDeploymentPostprocessing = 0;
		};
		4E3A02B62925557A0075D0E1 /* Sources */ = {
			isa = PBXSourcesBuildPhase;
			buildActionMask = 2147483647;
			files = (
				4E3A02C12925557A0075D0E1 /* ProjetoIIUITestsLaunchTests.swift in Sources */,
				4E3A02BF2925557A0075D0E1 /* ProjetoIIUITests.swift in Sources */,
			);
			runOnlyForDeploymentPostprocessing = 0;
		};
/* End PBXSourcesBuildPhase section */

/* Begin PBXTargetDependency section */
		4E3A02B22925557A0075D0E1 /* PBXTargetDependency */ = {
			isa = PBXTargetDependency;
			target = 4E3A029F292555790075D0E1 /* ProjetoII */;
			targetProxy = 4E3A02B12925557A0075D0E1 /* PBXContainerItemProxy */;
		};
		4E3A02BC2925557A0075D0E1 /* PBXTargetDependency */ = {
			isa = PBXTargetDependency;
			target = 4E3A029F292555790075D0E1 /* ProjetoII */;
			targetProxy = 4E3A02BB2925557A0075D0E1 /* PBXContainerItemProxy */;
		};
/* End PBXTargetDependency section */

/* Begin XCBuildConfiguration section */
		4E3A02C22925557A0075D0E1 /* Debug */ = {
			isa = XCBuildConfiguration;
			buildSettings = {
				ALWAYS_SEARCH_USER_PATHS = NO;
				CLANG_ANALYZER_NONNULL = YES;
				CLANG_ANALYZER_NUMBER_OBJECT_CONVERSION = YES_AGGRESSIVE;
				CLANG_CXX_LANGUAGE_STANDARD = "gnu++20";
				CLANG_ENABLE_MODULES = YES;
				CLANG_ENABLE_OBJC_ARC = YES;
				CLANG_ENABLE_OBJC_WEAK = YES;
				CLANG_WARN_BLOCK_CAPTURE_AUTORELEASING = YES;
				CLANG_WARN_BOOL_CONVERSION = YES;
				CLANG_WARN_COMMA = YES;
				CLANG_WARN_CONSTANT_CONVERSION = YES;
				CLANG_WARN_DEPRECATED_OBJC_IMPLEMENTATIONS = YES;
				CLANG_WARN_DIRECT_OBJC_ISA_USAGE = YES_ERROR;
				CLANG_WARN_DOCUMENTATION_COMMENTS = YES;
				CLANG_WARN_EMPTY_BODY = YES;
				CLANG_WARN_ENUM_CONVERSION = YES;
				CLANG_WARN_INFINITE_RECURSION = YES;
				CLANG_WARN_INT_CONVERSION = YES;
				CLANG_WARN_NON_LITERAL_NULL_CONVERSION = YES;
				CLANG_WARN_OBJC_IMPLICIT_RETAIN_SELF = YES;
				CLANG_WARN_OBJC_LITERAL_CONVERSION = YES;
				CLANG_WARN_OBJC_ROOT_CLASS = YES_ERROR;
				CLANG_WARN_QUOTED_INCLUDE_IN_FRAMEWORK_HEADER = YES;
				CLANG_WARN_RANGE_LOOP_ANALYSIS = YES;
				CLANG_WARN_STRICT_PROTOTYPES = YES;
				CLANG_WARN_SUSPICIOUS_MOVE = YES;
				CLANG_WARN_UNGUARDED_AVAILABILITY = YES_AGGRESSIVE;
				CLANG_WARN_UNREACHABLE_CODE = YES;
				CLANG_WARN__DUPLICATE_METHOD_MATCH = YES;
				COPY_PHASE_STRIP = NO;
				DEBUG_INFORMATION_FORMAT = dwarf;
				ENABLE_STRICT_OBJC_MSGSEND = YES;
				ENABLE_TESTABILITY = YES;
				GCC_C_LANGUAGE_STANDARD = gnu11;
				GCC_DYNAMIC_NO_PIC = NO;
				GCC_NO_COMMON_BLOCKS = YES;
				GCC_OPTIMIZATION_LEVEL = 0;
				GCC_PREPROCESSOR_DEFINITIONS = (
					"DEBUG=1",
					"$(inherited)",
				);
				GCC_WARN_64_TO_32_BIT_CONVERSION = YES;
				GCC_WARN_ABOUT_RETURN_TYPE = YES_ERROR;
				GCC_WARN_UNDECLARED_SELECTOR = YES;
				GCC_WARN_UNINITIALIZED_AUTOS = YES_AGGRESSIVE;
				GCC_WARN_UNUSED_FUNCTION = YES;
				GCC_WARN_UNUSED_VARIABLE = YES;
				IPHONEOS_DEPLOYMENT_TARGET = 16.0;
				MTL_ENABLE_DEBUG_INFO = INCLUDE_SOURCE;
				MTL_FAST_MATH = YES;
				ONLY_ACTIVE_ARCH = YES;
				SDKROOT = iphoneos;
				SWIFT_ACTIVE_COMPILATION_CONDITIONS = DEBUG;
				SWIFT_OPTIMIZATION_LEVEL = "-Onone";
			};
			name = Debug;
		};
		4E3A02C32925557A0075D0E1 /* Release */ = {
			isa = XCBuildConfiguration;
			buildSettings = {
				ALWAYS_SEARCH_USER_PATHS = NO;
				CLANG_ANALYZER_NONNULL = YES;
				CLANG_ANALYZER_NUMBER_OBJECT_CONVERSION = YES_AGGRESSIVE;
				CLANG_CXX_LANGUAGE_STANDARD = "gnu++20";
				CLANG_ENABLE_MODULES = YES;
				CLANG_ENABLE_OBJC_ARC = YES;
				CLANG_ENABLE_OBJC_WEAK = YES;
				CLANG_WARN_BLOCK_CAPTURE_AUTORELEASING = YES;
				CLANG_WARN_BOOL_CONVERSION = YES;
				CLANG_WARN_COMMA = YES;
				CLANG_WARN_CONSTANT_CONVERSION = YES;
				CLANG_WARN_DEPRECATED_OBJC_IMPLEMENTATIONS = YES;
				CLANG_WARN_DIRECT_OBJC_ISA_USAGE = YES_ERROR;
				CLANG_WARN_DOCUMENTATION_COMMENTS = YES;
				CLANG_WARN_EMPTY_BODY = YES;
				CLANG_WARN_ENUM_CONVERSION = YES;
				CLANG_WARN_INFINITE_RECURSION = YES;
				CLANG_WARN_INT_CONVERSION = YES;
				CLANG_WARN_NON_LITERAL_NULL_CONVERSION = YES;
				CLANG_WARN_OBJC_IMPLICIT_RETAIN_SELF = YES;
				CLANG_WARN_OBJC_LITERAL_CONVERSION = YES;
				CLANG_WARN_OBJC_ROOT_CLASS = YES_ERROR;
				CLANG_WARN_QUOTED_INCLUDE_IN_FRAMEWORK_HEADER = YES;
				CLANG_WARN_RANGE_LOOP_ANALYSIS = YES;
				CLANG_WARN_STRICT_PROTOTYPES = YES;
				CLANG_WARN_SUSPICIOUS_MOVE = YES;
				CLANG_WARN_UNGUARDED_AVAILABILITY = YES_AGGRESSIVE;
				CLANG_WARN_UNREACHABLE_CODE = YES;
				CLANG_WARN__DUPLICATE_METHOD_MATCH = YES;
				COPY_PHASE_STRIP = NO;
				DEBUG_INFORMATION_FORMAT = "dwarf-with-dsym";
				ENABLE_NS_ASSERTIONS = NO;
				ENABLE_STRICT_OBJC_MSGSEND = YES;
				GCC_C_LANGUAGE_STANDARD = gnu11;
				GCC_NO_COMMON_BLOCKS = YES;
				GCC_WARN_64_TO_32_BIT_CONVERSION = YES;
				GCC_WARN_ABOUT_RETURN_TYPE = YES_ERROR;
				GCC_WARN_UNDECLARED_SELECTOR = YES;
				GCC_WARN_UNINITIALIZED_AUTOS = YES_AGGRESSIVE;
				GCC_WARN_UNUSED_FUNCTION = YES;
				GCC_WARN_UNUSED_VARIABLE = YES;
				IPHONEOS_DEPLOYMENT_TARGET = 16.0;
				MTL_ENABLE_DEBUG_INFO = NO;
				MTL_FAST_MATH = YES;
				SDKROOT = iphoneos;
				SWIFT_COMPILATION_MODE = wholemodule;
				SWIFT_OPTIMIZATION_LEVEL = "-O";
				VALIDATE_PRODUCT = YES;
			};
			name = Release;
		};
		4E3A02C52925557A0075D0E1 /* Debug */ = {
			isa = XCBuildConfiguration;
			buildSettings = {
				ASSETCATALOG_COMPILER_APPICON_NAME = AppIcon;
				ASSETCATALOG_COMPILER_GLOBAL_ACCENT_COLOR_NAME = AccentColor;
				CODE_SIGN_STYLE = Automatic;
				CURRENT_PROJECT_VERSION = 1;
				DEVELOPMENT_ASSET_PATHS = "\"ProjetoII/Preview Content\"";
				DEVELOPMENT_TEAM = V7GM8G5V55;
				ENABLE_PREVIEWS = YES;
				GENERATE_INFOPLIST_FILE = YES;
				INFOPLIST_KEY_UIApplicationSceneManifest_Generation = YES;
				INFOPLIST_KEY_UIApplicationSupportsIndirectInputEvents = YES;
				INFOPLIST_KEY_UILaunchScreen_Generation = YES;
				INFOPLIST_KEY_UISupportedInterfaceOrientations_iPad = "UIInterfaceOrientationPortrait UIInterfaceOrientationPortraitUpsideDown UIInterfaceOrientationLandscapeLeft UIInterfaceOrientationLandscapeRight";
				INFOPLIST_KEY_UISupportedInterfaceOrientations_iPhone = "UIInterfaceOrientationPortrait UIInterfaceOrientationLandscapeLeft UIInterfaceOrientationLandscapeRight";
				LD_RUNPATH_SEARCH_PATHS = (
					"$(inherited)",
					"@executable_path/Frameworks",
				);
				MARKETING_VERSION = 1.0;
				PRODUCT_BUNDLE_IDENTIFIER = br.com.joaoipiraja.ProjetoII;
				PRODUCT_NAME = "$(TARGET_NAME)";
				SWIFT_EMIT_LOC_STRINGS = YES;
				SWIFT_VERSION = 5.0;
				TARGETED_DEVICE_FAMILY = "1,2";
			};
			name = Debug;
		};
		4E3A02C62925557A0075D0E1 /* Release */ = {
			isa = XCBuildConfiguration;
			buildSettings = {
				ASSETCATALOG_COMPILER_APPICON_NAME = AppIcon;
				ASSETCATALOG_COMPILER_GLOBAL_ACCENT_COLOR_NAME = AccentColor;
				CODE_SIGN_STYLE = Automatic;
				CURRENT_PROJECT_VERSION = 1;
				DEVELOPMENT_ASSET_PATHS = "\"ProjetoII/Preview Content\"";
				DEVELOPMENT_TEAM = V7GM8G5V55;
				ENABLE_PREVIEWS = YES;
				GENERATE_INFOPLIST_FILE = YES;
				INFOPLIST_KEY_UIApplicationSceneManifest_Generation = YES;
				INFOPLIST_KEY_UIApplicationSupportsIndirectInputEvents = YES;
				INFOPLIST_KEY_UILaunchScreen_Generation = YES;
				INFOPLIST_KEY_UISupportedInterfaceOrientations_iPad = "UIInterfaceOrientationPortrait UIInterfaceOrientationPortraitUpsideDown UIInterfaceOrientationLandscapeLeft UIInterfaceOrientationLandscapeRight";
				INFOPLIST_KEY_UISupportedInterfaceOrientations_iPhone = "UIInterfaceOrientationPortrait UIInterfaceOrientationLandscapeLeft UIInterfaceOrientationLandscapeRight";
				LD_RUNPATH_SEARCH_PATHS = (
					"$(inherited)",
					"@executable_path/Frameworks",
				);
				MARKETING_VERSION = 1.0;
				PRODUCT_BUNDLE_IDENTIFIER = br.com.joaoipiraja.ProjetoII;
				PRODUCT_NAME = "$(TARGET_NAME)";
				SWIFT_EMIT_LOC_STRINGS = YES;
				SWIFT_VERSION = 5.0;
				TARGETED_DEVICE_FAMILY = "1,2";
			};
			name = Release;
		};
		4E3A02C82925557A0075D0E1 /* Debug */ = {
			isa = XCBuildConfiguration;
			buildSettings = {
				ALWAYS_EMBED_SWIFT_STANDARD_LIBRARIES = YES;
				BUNDLE_LOADER = "$(TEST_HOST)";
				CODE_SIGN_STYLE = Automatic;
				CURRENT_PROJECT_VERSION = 1;
				DEVELOPMENT_TEAM = V7GM8G5V55;
				GENERATE_INFOPLIST_FILE = YES;
				IPHONEOS_DEPLOYMENT_TARGET = 16.0;
				MARKETING_VERSION = 1.0;
				PRODUCT_BUNDLE_IDENTIFIER = br.com.joaoipiraja.ProjetoIITests;
				PRODUCT_NAME = "$(TARGET_NAME)";
				SWIFT_EMIT_LOC_STRINGS = NO;
				SWIFT_VERSION = 5.0;
				TARGETED_DEVICE_FAMILY = "1,2";
				TEST_HOST = "$(BUILT_PRODUCTS_DIR)/ProjetoII.app/$(BUNDLE_EXECUTABLE_FOLDER_PATH)/ProjetoII";
			};
			name = Debug;
		};
		4E3A02C92925557A0075D0E1 /* Release */ = {
			isa = XCBuildConfiguration;
			buildSettings = {
				ALWAYS_EMBED_SWIFT_STANDARD_LIBRARIES = YES;
				BUNDLE_LOADER = "$(TEST_HOST)";
				CODE_SIGN_STYLE = Automatic;
				CURRENT_PROJECT_VERSION = 1;
				DEVELOPMENT_TEAM = V7GM8G5V55;
				GENERATE_INFOPLIST_FILE = YES;
				IPHONEOS_DEPLOYMENT_TARGET = 16.0;
				MARKETING_VERSION = 1.0;
				PRODUCT_BUNDLE_IDENTIFIER = br.com.joaoipiraja.ProjetoIITests;
				PRODUCT_NAME = "$(TARGET_NAME)";
				SWIFT_EMIT_LOC_STRINGS = NO;
				SWIFT_VERSION = 5.0;
				TARGETED_DEVICE_FAMILY = "1,2";
				TEST_HOST = "$(BUILT_PRODUCTS_DIR)/ProjetoII.app/$(BUNDLE_EXECUTABLE_FOLDER_PATH)/ProjetoII";
			};
			name = Release;
		};
		4E3A02CB2925557A0075D0E1 /* Debug */ = {
			isa = XCBuildConfiguration;
			buildSettings = {
				ALWAYS_EMBED_SWIFT_STANDARD_LIBRARIES = YES;
				CODE_SIGN_STYLE = Automatic;
				CURRENT_PROJECT_VERSION = 1;
				DEVELOPMENT_TEAM = V7GM8G5V55;
				GENERATE_INFOPLIST_FILE = YES;
				MARKETING_VERSION = 1.0;
				PRODUCT_BUNDLE_IDENTIFIER = br.com.joaoipiraja.ProjetoIIUITests;
				PRODUCT_NAME = "$(TARGET_NAME)";
				SWIFT_EMIT_LOC_STRINGS = NO;
				SWIFT_VERSION = 5.0;
				TARGETED_DEVICE_FAMILY = "1,2";
				TEST_TARGET_NAME = ProjetoII;
			};
			name = Debug;
		};
		4E3A02CC2925557A0075D0E1 /* Release */ = {
			isa = XCBuildConfiguration;
			buildSettings = {
				ALWAYS_EMBED_SWIFT_STANDARD_LIBRARIES = YES;
				CODE_SIGN_STYLE = Automatic;
				CURRENT_PROJECT_VERSION = 1;
				DEVELOPMENT_TEAM = V7GM8G5V55;
				GENERATE_INFOPLIST_FILE = YES;
				MARKETING_VERSION = 1.0;
				PRODUCT_BUNDLE_IDENTIFIER = br.com.joaoipiraja.ProjetoIIUITests;
				PRODUCT_NAME = "$(TARGET_NAME)";
				SWIFT_EMIT_LOC_STRINGS = NO;
				SWIFT_VERSION = 5.0;
				TARGETED_DEVICE_FAMILY = "1,2";
				TEST_TARGET_NAME = ProjetoII;
			};
			name = Release;
		};
/* End XCBuildConfiguration section */

/* Begin XCConfigurationList section */
		4E3A029B292555790075D0E1 /* Build configuration list for PBXProject "ProjetoII" */ = {
			isa = XCConfigurationList;
			buildConfigurations = (
				4E3A02C22925557A0075D0E1 /* Debug */,
				4E3A02C32925557A0075D0E1 /* Release */,
			);
			defaultConfigurationIsVisible = 0;
			defaultConfigurationName = Release;
		};
		4E3A02C42925557A0075D0E1 /* Build configuration list for PBXNativeTarget "ProjetoII" */ = {
			isa = XCConfigurationList;
			buildConfigurations = (
				4E3A02C52925557A0075D0E1 /* Debug */,
				4E3A02C62925557A0075D0E1 /* Release */,
			);
			defaultConfigurationIsVisible = 0;
			defaultConfigurationName = Release;
		};
		4E3A02C72925557A0075D0E1 /* Build configuration list for PBXNativeTarget "ProjetoIITests" */ = {
			isa = XCConfigurationList;
			buildConfigurations = (
				4E3A02C82925557A0075D0E1 /* Debug */,
				4E3A02C92925557A0075D0E1 /* Release */,
			);
			defaultConfigurationIsVisible = 0;
			defaultConfigurationName = Release;
		};
		4E3A02CA2925557A0075D0E1 /* Build configuration list for PBXNativeTarget "ProjetoIIUITests" */ = {
			isa = XCConfigurationList;
			buildConfigurations = (
				4E3A02CB2925557A0075D0E1 /* Debug */,
				4E3A02CC2925557A0075D0E1 /* Release */,
			);
			defaultConfigurationIsVisible = 0;
			defaultConfigurationName = Release;
		};
/* End XCConfigurationList section */
	};
	rootObject = 4E3A0298292555790075D0E1 /* Project object */;
}
